NeoBundleLock lightline.vim b967eefb9b7c3103a2f8885eb736876f0a0cdaa9
NeoBundleLock neobundle.vim fd15e35a7a7c4e84ae62981cfa529ae7cc382330
NeoBundleLock nerdtree da3874cf933e3736f9a8d1a2cfe35943d88fa94b
NeoBundleLock syntastic 24bb2935745809998ae8223f0d98cfc52a18ecd7
NeoBundleLock vim-autoclose a9a3b7384657bc1f60a963fd6c08c63fc48d61c3
NeoBundleLock vim-quickrun b40cdc36c3600fd096323d3e08c3bbd5d55ec8a8
